version = 1
revision = 3
requires-python = ">=3.12"
resolution-markers = [
    "python_full_version >= '3.15'",
    "python_full_version == '3.14.*'",
    "python_full_version < '3.14'",
]

[[package]]
name = "agentic-osdu-data-preparation"
version = "1.0.0"
source = { editable = "." }
dependencies = [
    { name = "alembic" },
    { name = "dlisio" },
    { name = "fastapi" },
    { name = "ijson" },
    { name = "jsonschema", extra = ["format"] },
    { name = "mcp" },
    { name = "pydantic" },
    { name = "sqlalchemy" },
    { name = "uvicorn" },
]

[package.dev-dependencies]
dev = [
    { name = "bandit" },
    { name = "build" },
    { name = "hatchling" },
    { name = "httpx" },
    { name = "mypy" },
    { name = "pip-audit" },
    { name = "pre-commit" },
    { name = "pytest" },
    { name = "pytest-cov" },
    { name = "ruff" },
    { name = "twine" },
]

[package.metadata]
requires-dist = [
    { name = "alembic", specifier = ">=1.16,<2" },
    { name = "dlisio", specifier = ">=1,<2" },
    { name = "fastapi", specifier = ">=0.116,<1" },
    { name = "ijson", specifier = ">=3.3,<4" },
    { name = "jsonschema", extras = ["format"], specifier = ">=4.23,<5" },
    { name = "mcp", specifier = "==2.2.0" },
    { name = "pydantic", specifier = ">=2.11,<3" },
    { name = "sqlalchemy", specifier = ">=2.0,<3" },
    { name = "uvicorn", specifier = ">=0.35,<1" },
]

[package.metadata.requires-dev]
dev = [
    { name = "bandit", extras = ["toml"], specifier = ">=1.8,<2" },
    { name = "build", specifier = ">=1.2,<2" },
    { name = "hatchling", specifier = "==1.27.0" },
    { name = "httpx", specifier = ">=0.28,<1" },
    { name = "mypy", specifier = ">=1.15,<2" },
    { name = "pip-audit", specifier = ">=2.9,<3" },
    { name = "pre-commit", specifier = ">=4,<5" },
    { name = "pytest", specifier = ">=9.0.3,<10" },
    { name = "pytest-cov", specifier = ">=6,<8" },
    { name = "ruff", specifier = ">=0.11,<1" },
    { name = "twine", specifier = ">=6,<7" },
]

[[package]]
name = "alembic"
version = "1.20.0"
source = { registry = "C:/Users/kadriu/AppData/Local/Temp/epic012-wheelhouse" }
dependencies = [
    { name = "mako" },
    { name = "sqlalchemy" },
    { name = "typing-extensions" },
]
wheels = [
    { path = "C:/Users/kadriu/AppData/Local/Temp/epic012-wheelhouse/alembic-1.20.0-py3-none-any.whl" },
]

[[package]]
name = "annotated-doc"
version = "0.0.5"
source = { registry = "C:/Users/kadriu/AppData/Local/Temp/epic012-wheelhouse" }
wheels = [
    { path = "C:/Users/kadriu/AppData/Local/Temp/epic012-wheelhouse/annotated_doc-0.0.5-py3-none-any.whl" },
]

[[package]]
name = "annotated-types"
version = "0.8.0"
source = { registry = "C:/Users/kadriu/AppData/Local/Temp/epic012-wheelhouse" }
wheels = [
    { path = "C:/Users/kadriu/AppData/Local/Temp/epic012-wheelhouse/annotated_types-0.8.0-py3-none-any.whl" },
]

[[package]]
name = "anyio"
version = "4.15.1"
source = { registry = "C:/Users/kadriu/AppData/Local/Temp/epic012-wheelhouse" }
dependencies = [
    { name = "idna" },
    { name = "typing-extensions", marker = "python_full_version < '3.15'" },
]
wheels = [
    { path = "C:/Users/kadriu/AppData/Local/Temp/epic012-wheelhouse/anyio-4.15.1-py3-none-any.whl" },
]

[[package]]
name = "arrow"
version = "1.4.0"
source = { registry = "C:/Users/kadriu/AppData/Local/Temp/epic012-wheelhouse" }
dependencies = [
    { name = "python-dateutil" },
    { name = "tzdata" },
]
wheels = [
    { path = "C:/Users/kadriu/AppData/Local/Temp/epic012-wheelhouse/arrow-1.4.0-py3-none-any.whl" },
]

[[package]]
name = "attrs"
version = "26.1.0"
source = { registry = "C:/Users/kadriu/AppData/Local/Temp/epic012-wheelhouse" }
wheels = [
    { path = "C:/Users/kadriu/AppData/Local/Temp/epic012-wheelhouse/attrs-26.1.0-py3-none-any.whl" },
]

[[package]]
name = "bandit"
version = "1.9.4"
source = { registry = "C:/Users/kadriu/AppData/Local/Temp/epic012-wheelhouse" }
dependencies = [
    { name = "colorama", marker = "sys_platform == 'win32'" },
    { name = "pyyaml" },
    { name = "rich" },
    { name = "stevedore" },
]
wheels = [
    { path = "C:/Users/kadriu/AppData/Local/Temp/epic012-wheelhouse/bandit-1.9.4-py3-none-any.whl" },
]

[[package]]
name = "boolean-py"
version = "5.0"
source = { registry = "C:/Users/kadriu/AppData/Local/Temp/epic012-wheelhouse" }
wheels = [
    { path = "C:/Users/kadriu/AppData/Local/Temp/epic012-wheelhouse/boolean_py-5.0-py3-none-any.whl" },
]

[[package]]
name = "build"
version = "1.6.1"
source = { registry = "C:/Users/kadriu/AppData/Local/Temp/epic012-wheelhouse" }
dependencies = [
    { name = "colorama", marker = "os_name == 'nt'" },
    { name = "packaging" },
    { name = "pyproject-hooks" },
]
wheels = [
    { path = "C:/Users/kadriu/AppData/Local/Temp/epic012-wheelhouse/build-1.6.1-py3-none-any.whl" },
]

[[package]]
name = "cachecontrol"
version = "0.14.4"
source = { registry = "C:/Users/kadriu/AppData/Local/Temp/epic012-wheelhouse" }
dependencies = [
    { name = "msgpack" },
    { name = "requests" },
]
wheels = [
    { path = "C:/Users/kadriu/AppData/Local/Temp/epic012-wheelhouse/cachecontrol-0.14.4-py3-none-any.whl" },
]

[package.optional-dependencies]
filecache = [
    { name = "filelock" },
]

[[package]]
name = "certifi"
version = "2026.7.22"
source = { registry = "C:/Users/kadriu/AppData/Local/Temp/epic012-wheelhouse" }
wheels = [
    { path = "C:/Users/kadriu/AppData/Local/Temp/epic012-wheelhouse/certifi-2026.7.22-py3-none-any.whl" },
]

[[package]]
name = "cffi"
version = "2.1.1"
source = { registry = "C:/Users/kadriu/AppData/Local/Temp/epic012-wheelhouse" }
dependencies = [
    { name = "pycparser", marker = "implementation_name != 'PyPy'" },
]
wheels = [
    { path = "C:/Users/kadriu/AppData/Local/Temp/epic012-wheelhouse/cffi-2.1.1-cp312-cp312-win_amd64.whl" },
]

[[package]]
name = "cfgv"
version = "3.5.0"
source = { registry = "C:/Users/kadriu/AppData/Local/Temp/epic012-wheelhouse" }
wheels = [
    { path = "C:/Users/kadriu/AppData/Local/Temp/epic012-wheelhouse/cfgv-3.5.0-py2.py3-none-any.whl" },
]

[[package]]
name = "charset-normalizer"
version = "3.5.1"
source = { registry = "C:/Users/kadriu/AppData/Local/Temp/epic012-wheelhouse" }
wheels = [
    { path = "C:/Users/kadriu/AppData/Local/Temp/epic012-wheelhouse/charset_normalizer-3.5.1-cp312-cp312-win_amd64.whl" },
]

[[package]]
name = "click"
version = "8.5.0"
source = { registry = "C:/Users/kadriu/AppData/Local/Temp/epic012-wheelhouse" }
wheels = [
    { path = "C:/Users/kadriu/AppData/Local/Temp/epic012-wheelhouse/click-8.5.0-py3-none-any.whl" },
]

[[package]]
name = "colorama"
version = "0.4.6"
source = { registry = "C:/Users/kadriu/AppData/Local/Temp/epic012-wheelhouse" }
wheels = [
    { path = "C:/Users/kadriu/AppData/Local/Temp/epic012-wheelhouse/colorama-0.4.6-py2.py3-none-any.whl" },
]

[[package]]
name = "coverage"
version = "7.16.0"
source = { registry = "C:/Users/kadriu/AppData/Local/Temp/epic012-wheelhouse" }
wheels = [
    { path = "C:/Users/kadriu/AppData/Local/Temp/epic012-wheelhouse/coverage-7.16.0-cp312-cp312-win_amd64.whl" },
]

[[package]]
name = "cryptography"
version = "50.0.1"
source = { registry = "C:/Users/kadriu/AppData/Local/Temp/epic012-wheelhouse" }
dependencies = [
    { name = "cffi", marker = "platform_python_implementation != 'PyPy'" },
]
wheels = [
    { path = "C:/Users/kadriu/AppData/Local/Temp/epic012-wheelhouse/cryptography-50.0.1-cp311-abi3-win_amd64.whl" },
]

[[package]]
name = "cyclonedx-python-lib"
version = "11.12.0"
source = { registry = "C:/Users/kadriu/AppData/Local/Temp/epic012-wheelhouse" }
dependencies = [
    { name = "license-expression" },
    { name = "packageurl-python" },
    { name = "py-serializable" },
    { name = "sortedcontainers" },
    { name = "typing-extensions", marker = "python_full_version < '3.13'" },
]
wheels = [
    { path = "C:/Users/kadriu/AppData/Local/Temp/epic012-wheelhouse/cyclonedx_python_lib-11.12.0-py3-none-any.whl" },
]

[[package]]
name = "defusedxml"
version = "0.7.1"
source = { registry = "C:/Users/kadriu/AppData/Local/Temp/epic012-wheelhouse" }
wheels = [
    { path = "C:/Users/kadriu/AppData/Local/Temp/epic012-wheelhouse/defusedxml-0.7.1-py2.py3-none-any.whl" },
]

[[package]]
name = "distlib"
version = "0.4.3"
source = { registry = "C:/Users/kadriu/AppData/Local/Temp/epic012-wheelhouse" }
wheels = [
    { path = "C:/Users/kadriu/AppData/Local/Temp/epic012-wheelhouse/distlib-0.4.3-py2.py3-none-any.whl" },
]

[[package]]
name = "dlisio"
version = "1.0.4"
source = { registry = "C:/Users/kadriu/AppData/Local/Temp/epic012-wheelhouse" }
dependencies = [
    { name = "numpy" },
]
wheels = [
    { path = "C:/Users/kadriu/AppData/Local/Temp/epic012-wheelhouse/dlisio-1.0.4-cp312-cp312-win_amd64.whl" },
]

[[package]]
name = "docutils"
version = "0.23"
source = { registry = "C:/Users/kadriu/AppData/Local/Temp/epic012-wheelhouse" }
wheels = [
    { path = "C:/Users/kadriu/AppData/Local/Temp/epic012-wheelhouse/docutils-0.23-py3-none-any.whl" },
]

[[package]]
name = "fastapi"
version = "0.141.1"
source = { registry = "C:/Users/kadriu/AppData/Local/Temp/epic012-wheelhouse" }
dependencies = [
    { name = "annotated-doc" },
    { name = "pydantic" },
    { name = "starlette" },
    { name = "typing-extensions" },
    { name = "typing-inspection" },
]
wheels = [
    { path = "C:/Users/kadriu/AppData/Local/Temp/epic012-wheelhouse/fastapi-0.141.1-py3-none-any.whl" },
]

[[package]]
name = "filelock"
version = "3.32.6"
source = { registry = "C:/Users/kadriu/AppData/Local/Temp/epic012-wheelhouse" }
wheels = [
    { path = "C:/Users/kadriu/AppData/Local/Temp/epic012-wheelhouse/filelock-3.32.6-py3-none-any.whl" },
]

[[package]]
name = "fqdn"
version = "1.5.1"
source = { registry = "C:/Users/kadriu/AppData/Local/Temp/epic012-wheelhouse" }
wheels = [
    { path = "C:/Users/kadriu/AppData/Local/Temp/epic012-wheelhouse/fqdn-1.5.1-py3-none-any.whl" },
]

[[package]]
name = "greenlet"
version = "3.5.5"
source = { registry = "C:/Users/kadriu/AppData/Local/Temp/epic012-wheelhouse" }
wheels = [
    { path = "C:/Users/kadriu/AppData/Local/Temp/epic012-wheelhouse/greenlet-3.5.5-cp312-cp312-win_amd64.whl" },
]

[[package]]
name = "h11"
version = "0.16.0"
source = { registry = "C:/Users/kadriu/AppData/Local/Temp/epic012-wheelhouse" }
wheels = [
    { path = "C:/Users/kadriu/AppData/Local/Temp/epic012-wheelhouse/h11-0.16.0-py3-none-any.whl" },
]

[[package]]
name = "hatchling"
version = "1.27.0"
source = { registry = "C:/Users/kadriu/AppData/Local/Temp/epic012-wheelhouse" }
dependencies = [
    { name = "packaging" },
    { name = "pathspec" },
    { name = "pluggy" },
    { name = "trove-classifiers" },
]
wheels = [
    { path = "C:/Users/kadriu/AppData/Local/Temp/epic012-wheelhouse/hatchling-1.27.0-py3-none-any.whl" },
]

[[package]]
name = "httpcore"
version = "1.0.9"
source = { registry = "C:/Users/kadriu/AppData/Local/Temp/epic012-wheelhouse" }
dependencies = [
    { name = "certifi" },
    { name = "h11" },
]
wheels = [
    { path = "C:/Users/kadriu/AppData/Local/Temp/epic012-wheelhouse/httpcore-1.0.9-py3-none-any.whl" },
]

[[package]]
name = "httpcore2"
version = "2.12.0"
source = { registry = "C:/Users/kadriu/AppData/Local/Temp/epic012-wheelhouse" }
dependencies = [
    { name = "h11" },
    { name = "truststore" },
]
wheels = [
    { path = "C:/Users/kadriu/AppData/Local/Temp/epic012-wheelhouse/httpcore2-2.12.0-py3-none-any.whl" },
]

[[package]]
name = "httpx"
version = "0.28.1"
source = { registry = "C:/Users/kadriu/AppData/Local/Temp/epic012-wheelhouse" }
dependencies = [
    { name = "anyio" },
    { name = "certifi" },
    { name = "httpcore" },
    { name = "idna" },
]
wheels = [
    { path = "C:/Users/kadriu/AppData/Local/Temp/epic012-wheelhouse/httpx-0.28.1-py3-none-any.whl" },
]

[[package]]
name = "httpx2"
version = "2.12.0"
source = { registry = "C:/Users/kadriu/AppData/Local/Temp/epic012-wheelhouse" }
dependencies = [
    { name = "anyio", marker = "sys_platform != 'emscripten'" },
    { name = "httpcore2", marker = "sys_platform != 'emscripten'" },
    { name = "httpx2-jsfetch", marker = "sys_platform == 'emscripten'" },
    { name = "idna" },
    { name = "truststore", marker = "sys_platform != 'emscripten'" },
    { name = "typing-extensions", marker = "python_full_version < '3.13'" },
]
wheels = [
    { path = "C:/Users/kadriu/AppData/Local/Temp/epic012-wheelhouse/httpx2-2.12.0-py3-none-any.whl" },
]

[[package]]
name = "httpx2-jsfetch"
version = "1.0"
source = { registry = "C:/Users/kadriu/AppData/Local/Temp/epic012-wheelhouse" }
wheels = [
    { path = "C:/Users/kadriu/AppData/Local/Temp/epic012-wheelhouse/httpx2_jsfetch-1.0-py3-none-any.whl" },
]

[[package]]
name = "id"
version = "1.6.1"
source = { registry = "C:/Users/kadriu/AppData/Local/Temp/epic012-wheelhouse" }
dependencies = [
    { name = "urllib3" },
]
wheels = [
    { path = "C:/Users/kadriu/AppData/Local/Temp/epic012-wheelhouse/id-1.6.1-py3-none-any.whl" },
]

[[package]]
name = "identify"
version = "2.6.19"
source = { registry = "C:/Users/kadriu/AppData/Local/Temp/epic012-wheelhouse" }
wheels = [
    { path = "C:/Users/kadriu/AppData/Local/Temp/epic012-wheelhouse/identify-2.6.19-py2.py3-none-any.whl" },
]

[[package]]
name = "idna"
version = "3.19"
source = { registry = "C:/Users/kadriu/AppData/Local/Temp/epic012-wheelhouse" }
wheels = [
    { path = "C:/Users/kadriu/AppData/Local/Temp/epic012-wheelhouse/idna-3.19-py3-none-any.whl" },
]

[[package]]
name = "ijson"
version = "3.5.1"
source = { registry = "C:/Users/kadriu/AppData/Local/Temp/epic012-wheelhouse" }
wheels = [
    { path = "C:/Users/kadriu/AppData/Local/Temp/epic012-wheelhouse/ijson-3.5.1-cp312-cp312-win_amd64.whl" },
]

[[package]]
name = "iniconfig"
version = "2.3.0"
source = { registry = "C:/Users/kadriu/AppData/Local/Temp/epic012-wheelhouse" }
wheels = [
    { path = "C:/Users/kadriu/AppData/Local/Temp/epic012-wheelhouse/iniconfig-2.3.0-py3-none-any.whl" },
]

[[package]]
name = "isoduration"
version = "20.11.0"
source = { registry = "C:/Users/kadriu/AppData/Local/Temp/epic012-wheelhouse" }
dependencies = [
    { name = "arrow" },
]
wheels = [
    { path = "C:/Users/kadriu/AppData/Local/Temp/epic012-wheelhouse/isoduration-20.11.0-py3-none-any.whl" },
]

[[package]]
name = "jaraco-classes"
version = "3.4.0"
source = { registry = "C:/Users/kadriu/AppData/Local/Temp/epic012-wheelhouse" }
dependencies = [
    { name = "more-itertools" },
]
wheels = [
    { path = "C:/Users/kadriu/AppData/Local/Temp/epic012-wheelhouse/jaraco.classes-3.4.0-py3-none-any.whl" },
]

[[package]]
name = "jaraco-context"
version = "6.1.2"
source = { registry = "C:/Users/kadriu/AppData/Local/Temp/epic012-wheelhouse" }
wheels = [
    { path = "C:/Users/kadriu/AppData/Local/Temp/epic012-wheelhouse/jaraco_context-6.1.2-py3-none-any.whl" },
]

[[package]]
name = "jaraco-functools"
version = "4.6.0"
source = { registry = "C:/Users/kadriu/AppData/Local/Temp/epic012-wheelhouse" }
dependencies = [
    { name = "more-itertools" },
]
wheels = [
    { path = "C:/Users/kadriu/AppData/Local/Temp/epic012-wheelhouse/jaraco_functools-4.6.0-py3-none-any.whl" },
]

[[package]]
name = "jeepney"
version = "0.9.0"
source = { registry = "C:/Users/kadriu/AppData/Local/Temp/epic012-wheelhouse" }
wheels = [
    { path = "C:/Users/kadriu/AppData/Local/Temp/epic012-wheelhouse/jeepney-0.9.0-py3-none-any.whl" },
]

[[package]]
name = "jsonpointer"
version = "3.1.1"
source = { registry = "C:/Users/kadriu/AppData/Local/Temp/epic012-wheelhouse" }
wheels = [
    { path = "C:/Users/kadriu/AppData/Local/Temp/epic012-wheelhouse/jsonpointer-3.1.1-py3-none-any.whl" },
]

[[package]]
name = "jsonschema"
version = "4.26.0"
source = { registry = "C:/Users/kadriu/AppData/Local/Temp/epic012-wheelhouse" }
dependencies = [
    { name = "attrs" },
    { name = "jsonschema-specifications" },
    { name = "referencing" },
    { name = "rpds-py" },
]
wheels = [
    { path = "C:/Users/kadriu/AppData/Local/Temp/epic012-wheelhouse/jsonschema-4.26.0-py3-none-any.whl" },
]

[package.optional-dependencies]
format = [
    { name = "fqdn" },
    { name = "idna" },
    { name = "isoduration" },
    { name = "jsonpointer" },
    { name = "rfc3339-validator" },
    { name = "rfc3987" },
    { name = "uri-template" },
    { name = "webcolors" },
]

[[package]]
name = "jsonschema-specifications"
version = "2025.9.1"
source = { registry = "C:/Users/kadriu/AppData/Local/Temp/epic012-wheelhouse" }
dependencies = [
    { name = "referencing" },
]
wheels = [
    { path = "C:/Users/kadriu/AppData/Local/Temp/epic012-wheelhouse/jsonschema_specifications-2025.9.1-py3-none-any.whl" },
]

[[package]]
name = "keyring"
version = "25.7.0"
source = { registry = "C:/Users/kadriu/AppData/Local/Temp/epic012-wheelhouse" }
dependencies = [
    { name = "jaraco-classes" },
    { name = "jaraco-context" },
    { name = "jaraco-functools" },
    { name = "jeepney", marker = "sys_platform == 'linux'" },
    { name = "pywin32-ctypes", marker = "sys_platform == 'win32'" },
    { name = "secretstorage", marker = "sys_platform == 'linux'" },
]
wheels = [
    { path = "C:/Users/kadriu/AppData/Local/Temp/epic012-wheelhouse/keyring-25.7.0-py3-none-any.whl" },
]

[[package]]
name = "librt"
version = "0.15.0"
source = { registry = "C:/Users/kadriu/AppData/Local/Temp/epic012-wheelhouse" }
wheels = [
    { path = "C:/Users/kadriu/AppData/Local/Temp/epic012-wheelhouse/librt-0.15.0-cp312-cp312-win_amd64.whl" },
]

[[package]]
name = "license-expression"
version = "30.4.4"
source = { registry = "C:/Users/kadriu/AppData/Local/Temp/epic012-wheelhouse" }
dependencies = [
    { name = "boolean-py" },
]
wheels = [
    { path = "C:/Users/kadriu/AppData/Local/Temp/epic012-wheelhouse/license_expression-30.4.4-py3-none-any.whl" },
]

[[package]]
name = "mako"
version = "1.4.1"
source = { registry = "C:/Users/kadriu/AppData/Local/Temp/epic012-wheelhouse" }
dependencies = [
    { name = "markupsafe" },
]
wheels = [
    { path = "C:/Users/kadriu/AppData/Local/Temp/epic012-wheelhouse/mako-1.4.1-py3-none-any.whl" },
]

[[package]]
name = "markdown-it-py"
version = "4.2.0"
source = { registry = "C:/Users/kadriu/AppData/Local/Temp/epic012-wheelhouse" }
dependencies = [
    { name = "mdurl" },
]
wheels = [
    { path = "C:/Users/kadriu/AppData/Local/Temp/epic012-wheelhouse/markdown_it_py-4.2.0-py3-none-any.whl" },
]

[[package]]
name = "markupsafe"
version = "3.0.3"
source = { registry = "C:/Users/kadriu/AppData/Local/Temp/epic012-wheelhouse" }
wheels = [
    { path = "C:/Users/kadriu/AppData/Local/Temp/epic012-wheelhouse/markupsafe-3.0.3-cp312-cp312-win_amd64.whl" },
]

[[package]]
name = "mcp"
version = "2.2.0"
source = { registry = "C:/Users/kadriu/AppData/Local/Temp/epic012-wheelhouse" }
dependencies = [
    { name = "anyio" },
    { name = "httpx2" },
    { name = "jsonschema" },
    { name = "mcp-types" },
    { name = "opentelemetry-api" },
    { name = "pydantic" },
    { name = "pyjwt", extra = ["crypto"] },
    { name = "python-multipart" },
    { name = "pywin32", marker = "sys_platform == 'win32'" },
    { name = "sse-starlette" },
    { name = "starlette" },
    { name = "typing-extensions" },
    { name = "typing-inspection" },
    { name = "uvicorn", marker = "sys_platform != 'emscripten'" },
]
wheels = [
    { path = "C:/Users/kadriu/AppData/Local/Temp/epic012-wheelhouse/mcp-2.2.0-py3-none-any.whl" },
]

[[package]]
name = "mcp-types"
version = "2.2.0"
source = { registry = "C:/Users/kadriu/AppData/Local/Temp/epic012-wheelhouse" }
dependencies = [
    { name = "pydantic" },
    { name = "typing-extensions" },
]
wheels = [
    { path = "C:/Users/kadriu/AppData/Local/Temp/epic012-wheelhouse/mcp_types-2.2.0-py3-none-any.whl" },
]

[[package]]
name = "mdurl"
version = "0.1.2"
source = { registry = "C:/Users/kadriu/AppData/Local/Temp/epic012-wheelhouse" }
wheels = [
    { path = "C:/Users/kadriu/AppData/Local/Temp/epic012-wheelhouse/mdurl-0.1.2-py3-none-any.whl" },
]

[[package]]
name = "more-itertools"
version = "11.1.0"
source = { registry = "C:/Users/kadriu/AppData/Local/Temp/epic012-wheelhouse" }
wheels = [
    { path = "C:/Users/kadriu/AppData/Local/Temp/epic012-wheelhouse/more_itertools-11.1.0-py3-none-any.whl" },
]

[[package]]
name = "msgpack"
version = "1.2.2"
source = { registry = "C:/Users/kadriu/AppData/Local/Temp/epic012-wheelhouse" }
wheels = [
    { path = "C:/Users/kadriu/AppData/Local/Temp/epic012-wheelhouse/msgpack-1.2.2-cp312-cp312-win_amd64.whl" },
]

[[package]]
name = "mypy"
version = "1.20.2"
source = { registry = "C:/Users/kadriu/AppData/Local/Temp/epic012-wheelhouse" }
dependencies = [
    { name = "librt", marker = "platform_python_implementation != 'PyPy'" },
    { name = "mypy-extensions" },
    { name = "pathspec" },
    { name = "typing-extensions" },
]
wheels = [
    { path = "C:/Users/kadriu/AppData/Local/Temp/epic012-wheelhouse/mypy-1.20.2-cp312-cp312-win_amd64.whl" },
]

[[package]]
name = "mypy-extensions"
version = "1.1.0"
source = { registry = "C:/Users/kadriu/AppData/Local/Temp/epic012-wheelhouse" }
wheels = [
    { path = "C:/Users/kadriu/AppData/Local/Temp/epic012-wheelhouse/mypy_extensions-1.1.0-py3-none-any.whl" },
]

[[package]]
name = "nh3"
version = "0.3.7"
source = { registry = "C:/Users/kadriu/AppData/Local/Temp/epic012-wheelhouse" }
wheels = [
    { path = "C:/Users/kadriu/AppData/Local/Temp/epic012-wheelhouse/nh3-0.3.7-cp38-abi3-win_amd64.whl" },
]

[[package]]
name = "nodeenv"
version = "1.10.0"
source = { registry = "C:/Users/kadriu/AppData/Local/Temp/epic012-wheelhouse" }
wheels = [
    { path = "C:/Users/kadriu/AppData/Local/Temp/epic012-wheelhouse/nodeenv-1.10.0-py2.py3-none-any.whl" },
]

[[package]]
name = "numpy"
version = "2.5.3"
source = { registry = "C:/Users/kadriu/AppData/Local/Temp/epic012-wheelhouse" }
wheels = [
    { path = "C:/Users/kadriu/AppData/Local/Temp/epic012-wheelhouse/numpy-2.5.3-cp312-cp312-win_amd64.whl" },
]

[[package]]
name = "opentelemetry-api"
version = "1.44.0"
source = { registry = "C:/Users/kadriu/AppData/Local/Temp/epic012-wheelhouse" }
dependencies = [
    { name = "typing-extensions" },
]
wheels = [
    { path = "C:/Users/kadriu/AppData/Local/Temp/epic012-wheelhouse/opentelemetry_api-1.44.0-py3-none-any.whl" },
]

[[package]]
name = "packageurl-python"
version = "0.17.6"
source = { registry = "C:/Users/kadriu/AppData/Local/Temp/epic012-wheelhouse" }
wheels = [
    { path = "C:/Users/kadriu/AppData/Local/Temp/epic012-wheelhouse/packageurl_python-0.17.6-py3-none-any.whl" },
]

[[package]]
name = "packaging"
version = "26.3"
source = { registry = "C:/Users/kadriu/AppData/Local/Temp/epic012-wheelhouse" }
wheels = [
    { path = "C:/Users/kadriu/AppData/Local/Temp/epic012-wheelhouse/packaging-26.3-py3-none-any.whl" },
]

[[package]]
name = "pathspec"
version = "1.1.1"
source = { registry = "C:/Users/kadriu/AppData/Local/Temp/epic012-wheelhouse" }
wheels = [
    { path = "C:/Users/kadriu/AppData/Local/Temp/epic012-wheelhouse/pathspec-1.1.1-py3-none-any.whl" },
]

[[package]]
name = "pip"
version = "26.2.1"
source = { registry = "C:/Users/kadriu/AppData/Local/Temp/epic012-wheelhouse" }
wheels = [
    { path = "C:/Users/kadriu/AppData/Local/Temp/epic012-wheelhouse/pip-26.2.1-py3-none-any.whl" },
]

[[package]]
name = "pip-api"
version = "0.0.35"
source = { registry = "C:/Users/kadriu/AppData/Local/Temp/epic012-wheelhouse" }
dependencies = [
    { name = "pip" },
]
wheels = [
    { path = "C:/Users/kadriu/AppData/Local/Temp/epic012-wheelhouse/pip_api-0.0.35-py3-none-any.whl" },
]

[[package]]
name = "pip-audit"
version = "2.10.1"
source = { registry = "C:/Users/kadriu/AppData/Local/Temp/epic012-wheelhouse" }
dependencies = [
    { name = "cachecontrol", extra = ["filecache"] },
    { name = "cyclonedx-python-lib" },
    { name = "packaging" },
    { name = "pip-api" },
    { name = "pip-requirements-parser" },
    { name = "platformdirs" },
    { name = "requests" },
    { name = "rich" },
    { name = "tomli" },
    { name = "tomli-w" },
]
wheels = [
    { path = "C:/Users/kadriu/AppData/Local/Temp/epic012-wheelhouse/pip_audit-2.10.1-py3-none-any.whl" },
]

[[package]]
name = "pip-requirements-parser"
version = "32.0.1"
source = { registry = "C:/Users/kadriu/AppData/Local/Temp/epic012-wheelhouse" }
dependencies = [
    { name = "packaging" },
    { name = "pyparsing" },
]
wheels = [
    { path = "C:/Users/kadriu/AppData/Local/Temp/epic012-wheelhouse/pip_requirements_parser-32.0.1-py3-none-any.whl" },
]

[[package]]
name = "platformdirs"
version = "4.11.8"
source = { registry = "C:/Users/kadriu/AppData/Local/Temp/epic012-wheelhouse" }
wheels = [
    { path = "C:/Users/kadriu/AppData/Local/Temp/epic012-wheelhouse/platformdirs-4.11.8-py3-none-any.whl" },
]

[[package]]
name = "pluggy"
version = "1.6.0"
source = { registry = "C:/Users/kadriu/AppData/Local/Temp/epic012-wheelhouse" }
wheels = [
    { path = "C:/Users/kadriu/AppData/Local/Temp/epic012-wheelhouse/pluggy-1.6.0-py3-none-any.whl" },
]

[[package]]
name = "pre-commit"
version = "4.6.2"
source = { registry = "C:/Users/kadriu/AppData/Local/Temp/epic012-wheelhouse" }
dependencies = [
    { name = "cfgv" },
    { name = "identify" },
    { name = "nodeenv" },
    { name = "pyyaml" },
    { name = "virtualenv" },
]
wheels = [
    { path = "C:/Users/kadriu/AppData/Local/Temp/epic012-wheelhouse/pre_commit-4.6.2-py2.py3-none-any.whl" },
]

[[package]]
name = "py-serializable"
version = "2.1.0"
source = { registry = "C:/Users/kadriu/AppData/Local/Temp/epic012-wheelhouse" }
dependencies = [
    { name = "defusedxml" },
]
wheels = [
    { path = "C:/Users/kadriu/AppData/Local/Temp/epic012-wheelhouse/py_serializable-2.1.0-py3-none-any.whl" },
]

[[package]]
name = "pycparser"
version = "3.0"
source = { registry = "C:/Users/kadriu/AppData/Local/Temp/epic012-wheelhouse" }
wheels = [
    { path = "C:/Users/kadriu/AppData/Local/Temp/epic012-wheelhouse/pycparser-3.0-py3-none-any.whl" },
]

[[package]]
name = "pydantic"
version = "2.13.5"
source = { registry = "C:/Users/kadriu/AppData/Local/Temp/epic012-wheelhouse" }
dependencies = [
    { name = "annotated-types" },
    { name = "pydantic-core" },
    { name = "typing-extensions" },
    { name = "typing-inspection" },
]
wheels = [
    { path = "C:/Users/kadriu/AppData/Local/Temp/epic012-wheelhouse/pydantic-2.13.5-py3-none-any.whl" },
]

[[package]]
name = "pydantic-core"
version = "2.46.5"
source = { registry = "C:/Users/kadriu/AppData/Local/Temp/epic012-wheelhouse" }
dependencies = [
    { name = "typing-extensions" },
]
wheels = [
    { path = "C:/Users/kadriu/AppData/Local/Temp/epic012-wheelhouse/pydantic_core-2.46.5-cp312-cp312-win_amd64.whl" },
]

[[package]]
name = "pygments"
version = "2.21.0"
source = { registry = "C:/Users/kadriu/AppData/Local/Temp/epic012-wheelhouse" }
wheels = [
    { path = "C:/Users/kadriu/AppData/Local/Temp/epic012-wheelhouse/pygments-2.21.0-py3-none-any.whl" },
]

[[package]]
name = "pyjwt"
version = "2.14.0"
source = { registry = "C:/Users/kadriu/AppData/Local/Temp/epic012-wheelhouse" }
wheels = [
    { path = "C:/Users/kadriu/AppData/Local/Temp/epic012-wheelhouse/pyjwt-2.14.0-py3-none-any.whl" },
]

[package.optional-dependencies]
crypto = [
    { name = "cryptography" },
]

[[package]]
name = "pyparsing"
version = "3.3.2"
source = { registry = "C:/Users/kadriu/AppData/Local/Temp/epic012-wheelhouse" }
wheels = [
    { path = "C:/Users/kadriu/AppData/Local/Temp/epic012-wheelhouse/pyparsing-3.3.2-py3-none-any.whl" },
]

[[package]]
name = "pyproject-hooks"
version = "1.2.0"
source = { registry = "C:/Users/kadriu/AppData/Local/Temp/epic012-wheelhouse" }
wheels = [
    { path = "C:/Users/kadriu/AppData/Local/Temp/epic012-wheelhouse/pyproject_hooks-1.2.0-py3-none-any.whl" },
]

[[package]]
name = "pytest"
version = "9.1.1"
source = { registry = "C:/Users/kadriu/AppData/Local/Temp/epic012-wheelhouse" }
dependencies = [
    { name = "colorama", marker = "sys_platform == 'win32'" },
    { name = "iniconfig" },
    { name = "packaging" },
    { name = "pluggy" },
    { name = "pygments" },
]
wheels = [
    { path = "C:/Users/kadriu/AppData/Local/Temp/epic012-wheelhouse/pytest-9.1.1-py3-none-any.whl" },
]

[[package]]
name = "pytest-cov"
version = "7.1.0"
source = { registry = "C:/Users/kadriu/AppData/Local/Temp/epic012-wheelhouse" }
dependencies = [
    { name = "coverage" },
    { name = "pluggy" },
    { name = "pytest" },
]
wheels = [
    { path = "C:/Users/kadriu/AppData/Local/Temp/epic012-wheelhouse/pytest_cov-7.1.0-py3-none-any.whl" },
]

[[package]]
name = "python-dateutil"
version = "2.9.0.post0"
source = { registry = "C:/Users/kadriu/AppData/Local/Temp/epic012-wheelhouse" }
dependencies = [
    { name = "six" },
]
wheels = [
    { path = "C:/Users/kadriu/AppData/Local/Temp/epic012-wheelhouse/python_dateutil-2.9.0.post0-py2.py3-none-any.whl" },
]

[[package]]
name = "python-discovery"
version = "1.6.0"
source = { registry = "C:/Users/kadriu/AppData/Local/Temp/epic012-wheelhouse" }
dependencies = [
    { name = "filelock" },
]
wheels = [
    { path = "C:/Users/kadriu/AppData/Local/Temp/epic012-wheelhouse/python_discovery-1.6.0-py3-none-any.whl" },
]

[[package]]
name = "python-multipart"
version = "0.0.32"
source = { registry = "C:/Users/kadriu/AppData/Local/Temp/epic012-wheelhouse" }
wheels = [
    { path = "C:/Users/kadriu/AppData/Local/Temp/epic012-wheelhouse/python_multipart-0.0.32-py3-none-any.whl" },
]

[[package]]
name = "pywin32"
version = "312"
source = { registry = "C:/Users/kadriu/AppData/Local/Temp/epic012-wheelhouse" }
wheels = [
    { path = "C:/Users/kadriu/AppData/Local/Temp/epic012-wheelhouse/pywin32-312-cp312-cp312-win_amd64.whl" },
]

[[package]]
name = "pywin32-ctypes"
version = "0.2.3"
source = { registry = "C:/Users/kadriu/AppData/Local/Temp/epic012-wheelhouse" }
wheels = [
    { path = "C:/Users/kadriu/AppData/Local/Temp/epic012-wheelhouse/pywin32_ctypes-0.2.3-py3-none-any.whl" },
]

[[package]]
name = "pyyaml"
version = "6.0.3"
source = { registry = "C:/Users/kadriu/AppData/Local/Temp/epic012-wheelhouse" }
wheels = [
    { path = "C:/Users/kadriu/AppData/Local/Temp/epic012-wheelhouse/pyyaml-6.0.3-cp312-cp312-win_amd64.whl" },
]

[[package]]
name = "readme-renderer"
version = "46.0"
source = { registry = "C:/Users/kadriu/AppData/Local/Temp/epic012-wheelhouse" }
dependencies = [
    { name = "docutils" },
    { name = "nh3" },
    { name = "pygments" },
]
wheels = [
    { path = "C:/Users/kadriu/AppData/Local/Temp/epic012-wheelhouse/readme_renderer-46.0-py3-none-any.whl" },
]

[[package]]
name = "referencing"
version = "0.37.0"
source = { registry = "C:/Users/kadriu/AppData/Local/Temp/epic012-wheelhouse" }
dependencies = [
    { name = "attrs" },
    { name = "rpds-py" },
    { name = "typing-extensions", marker = "python_full_version < '3.13'" },
]
wheels = [
    { path = "C:/Users/kadriu/AppData/Local/Temp/epic012-wheelhouse/referencing-0.37.0-py3-none-any.whl" },
]

[[package]]
name = "requests"
version = "2.34.2"
source = { registry = "C:/Users/kadriu/AppData/Local/Temp/epic012-wheelhouse" }
dependencies = [
    { name = "certifi" },
    { name = "charset-normalizer" },
    { name = "idna" },
    { name = "urllib3" },
]
wheels = [
    { path = "C:/Users/kadriu/AppData/Local/Temp/epic012-wheelhouse/requests-2.34.2-py3-none-any.whl" },
]

[[package]]
name = "requests-toolbelt"
version = "1.0.0"
source = { registry = "C:/Users/kadriu/AppData/Local/Temp/epic012-wheelhouse" }
dependencies = [
    { name = "requests" },
]
wheels = [
    { path = "C:/Users/kadriu/AppData/Local/Temp/epic012-wheelhouse/requests_toolbelt-1.0.0-py2.py3-none-any.whl" },
]

[[package]]
name = "rfc3339-validator"
version = "0.1.4"
source = { registry = "C:/Users/kadriu/AppData/Local/Temp/epic012-wheelhouse" }
dependencies = [
    { name = "six" },
]
wheels = [
    { path = "C:/Users/kadriu/AppData/Local/Temp/epic012-wheelhouse/rfc3339_validator-0.1.4-py2.py3-none-any.whl" },
]

[[package]]
name = "rfc3986"
version = "2.0.0"
source = { registry = "C:/Users/kadriu/AppData/Local/Temp/epic012-wheelhouse" }
wheels = [
    { path = "C:/Users/kadriu/AppData/Local/Temp/epic012-wheelhouse/rfc3986-2.0.0-py2.py3-none-any.whl" },
]

[[package]]
name = "rfc3987"
version = "1.3.8"
source = { registry = "C:/Users/kadriu/AppData/Local/Temp/epic012-wheelhouse" }
wheels = [
    { path = "C:/Users/kadriu/AppData/Local/Temp/epic012-wheelhouse/rfc3987-1.3.8-py2.py3-none-any.whl" },
]

[[package]]
name = "rich"
version = "15.0.0"
source = { registry = "C:/Users/kadriu/AppData/Local/Temp/epic012-wheelhouse" }
dependencies = [
    { name = "markdown-it-py" },
    { name = "pygments" },
]
wheels = [
    { path = "C:/Users/kadriu/AppData/Local/Temp/epic012-wheelhouse/rich-15.0.0-py3-none-any.whl" },
]

[[package]]
name = "rpds-py"
version = "2026.6.3"
source = { registry = "C:/Users/kadriu/AppData/Local/Temp/epic012-wheelhouse" }
wheels = [
    { path = "C:/Users/kadriu/AppData/Local/Temp/epic012-wheelhouse/rpds_py-2026.6.3-cp312-cp312-win_amd64.whl" },
]

[[package]]
name = "ruff"
version = "0.16.7"
source = { registry = "C:/Users/kadriu/AppData/Local/Temp/epic012-wheelhouse" }
wheels = [
    { path = "C:/Users/kadriu/AppData/Local/Temp/epic012-wheelhouse/ruff-0.16.7-py3-none-win_amd64.whl" },
]

[[package]]
name = "secretstorage"
version = "3.5.0"
source = { registry = "C:/Users/kadriu/AppData/Local/Temp/epic012-wheelhouse" }
dependencies = [
    { name = "cryptography" },
    { name = "jeepney" },
]
wheels = [
    { path = "C:/Users/kadriu/AppData/Local/Temp/epic012-wheelhouse/secretstorage-3.5.0-py3-none-any.whl" },
]

[[package]]
name = "six"
version = "1.17.0"
source = { registry = "C:/Users/kadriu/AppData/Local/Temp/epic012-wheelhouse" }
wheels = [
    { path = "C:/Users/kadriu/AppData/Local/Temp/epic012-wheelhouse/six-1.17.0-py2.py3-none-any.whl" },
]

[[package]]
name = "sortedcontainers"
version = "2.4.0"
source = { registry = "C:/Users/kadriu/AppData/Local/Temp/epic012-wheelhouse" }
wheels = [
    { path = "C:/Users/kadriu/AppData/Local/Temp/epic012-wheelhouse/sortedcontainers-2.4.0-py2.py3-none-any.whl" },
]

[[package]]
name = "sqlalchemy"
version = "2.0.52"
source = { registry = "C:/Users/kadriu/AppData/Local/Temp/epic012-wheelhouse" }
dependencies = [
    { name = "greenlet", marker = "platform_machine == 'AMD64' or platform_machine == 'WIN32' or platform_machine == 'aarch64' or platform_machine == 'amd64' or platform_machine == 'ppc64le' or platform_machine == 'win32' or platform_machine == 'x86_64'" },
    { name = "typing-extensions" },
]
wheels = [
    { path = "C:/Users/kadriu/AppData/Local/Temp/epic012-wheelhouse/sqlalchemy-2.0.52-cp312-cp312-win_amd64.whl" },
]

[[package]]
name = "sse-starlette"
version = "3.4.11"
source = { registry = "C:/Users/kadriu/AppData/Local/Temp/epic012-wheelhouse" }
dependencies = [
    { name = "anyio" },
    { name = "starlette" },
]
wheels = [
    { path = "C:/Users/kadriu/AppData/Local/Temp/epic012-wheelhouse/sse_starlette-3.4.11-py3-none-any.whl" },
]

[[package]]
name = "starlette"
version = "1.6.0"
source = { registry = "C:/Users/kadriu/AppData/Local/Temp/epic012-wheelhouse" }
dependencies = [
    { name = "anyio" },
    { name = "typing-extensions", marker = "python_full_version < '3.13'" },
]
wheels = [
    { path = "C:/Users/kadriu/AppData/Local/Temp/epic012-wheelhouse/starlette-1.6.0-py3-none-any.whl" },
]

[[package]]
name = "stevedore"
version = "5.9.1"
source = { registry = "C:/Users/kadriu/AppData/Local/Temp/epic012-wheelhouse" }
wheels = [
    { path = "C:/Users/kadriu/AppData/Local/Temp/epic012-wheelhouse/stevedore-5.9.1-py3-none-any.whl" },
]

[[package]]
name = "tomli"
version = "2.4.1"
source = { registry = "C:/Users/kadriu/AppData/Local/Temp/epic012-wheelhouse" }
wheels = [
    { path = "C:/Users/kadriu/AppData/Local/Temp/epic012-wheelhouse/tomli-2.4.1-cp312-cp312-win_amd64.whl" },
]

[[package]]
name = "tomli-w"
version = "1.2.0"
source = { registry = "C:/Users/kadriu/AppData/Local/Temp/epic012-wheelhouse" }
wheels = [
    { path = "C:/Users/kadriu/AppData/Local/Temp/epic012-wheelhouse/tomli_w-1.2.0-py3-none-any.whl" },
]

[[package]]
name = "trove-classifiers"
version = "2026.6.1.19"
source = { registry = "C:/Users/kadriu/AppData/Local/Temp/epic012-wheelhouse" }
wheels = [
    { path = "C:/Users/kadriu/AppData/Local/Temp/epic012-wheelhouse/trove_classifiers-2026.6.1.19-py3-none-any.whl" },
]

[[package]]
name = "truststore"
version = "0.10.4"
source = { registry = "C:/Users/kadriu/AppData/Local/Temp/epic012-wheelhouse" }
wheels = [
    { path = "C:/Users/kadriu/AppData/Local/Temp/epic012-wheelhouse/truststore-0.10.4-py3-none-any.whl" },
]

[[package]]
name = "twine"
version = "6.2.0"
source = { registry = "C:/Users/kadriu/AppData/Local/Temp/epic012-wheelhouse" }
dependencies = [
    { name = "id" },
    { name = "keyring", marker = "platform_machine != 'ppc64le' and platform_machine != 's390x'" },
    { name = "packaging" },
    { name = "readme-renderer" },
    { name = "requests" },
    { name = "requests-toolbelt" },
    { name = "rfc3986" },
    { name = "rich" },
    { name = "urllib3" },
]
wheels = [
    { path = "C:/Users/kadriu/AppData/Local/Temp/epic012-wheelhouse/twine-6.2.0-py3-none-any.whl" },
]

[[package]]
name = "typing-extensions"
version = "4.16.0"
source = { registry = "C:/Users/kadriu/AppData/Local/Temp/epic012-wheelhouse" }
wheels = [
    { path = "C:/Users/kadriu/AppData/Local/Temp/epic012-wheelhouse/typing_extensions-4.16.0-py3-none-any.whl" },
]

[[package]]
name = "typing-inspection"
version = "0.4.4"
source = { registry = "C:/Users/kadriu/AppData/Local/Temp/epic012-wheelhouse" }
dependencies = [
    { name = "typing-extensions" },
]
wheels = [
    { path = "C:/Users/kadriu/AppData/Local/Temp/epic012-wheelhouse/typing_inspection-0.4.4-py3-none-any.whl" },
]

[[package]]
name = "tzdata"
version = "2026.3"
source = { registry = "C:/Users/kadriu/AppData/Local/Temp/epic012-wheelhouse" }
wheels = [
    { path = "C:/Users/kadriu/AppData/Local/Temp/epic012-wheelhouse/tzdata-2026.3-py2.py3-none-any.whl" },
]

[[package]]
name = "uri-template"
version = "1.3.0"
source = { registry = "C:/Users/kadriu/AppData/Local/Temp/epic012-wheelhouse" }
wheels = [
    { path = "C:/Users/kadriu/AppData/Local/Temp/epic012-wheelhouse/uri_template-1.3.0-py3-none-any.whl" },
]

[[package]]
name = "urllib3"
version = "2.7.0"
source = { registry = "C:/Users/kadriu/AppData/Local/Temp/epic012-wheelhouse" }
wheels = [
    { path = "C:/Users/kadriu/AppData/Local/Temp/epic012-wheelhouse/urllib3-2.7.0-py3-none-any.whl" },
]

[[package]]
name = "uvicorn"
version = "0.52.4"
source = { registry = "C:/Users/kadriu/AppData/Local/Temp/epic012-wheelhouse" }
dependencies = [
    { name = "click" },
    { name = "h11" },
]
wheels = [
    { path = "C:/Users/kadriu/AppData/Local/Temp/epic012-wheelhouse/uvicorn-0.52.4-py3-none-any.whl" },
]

[[package]]
name = "virtualenv"
version = "21.7.9"
source = { registry = "C:/Users/kadriu/AppData/Local/Temp/epic012-wheelhouse" }
dependencies = [
    { name = "distlib" },
    { name = "filelock" },
    { name = "platformdirs" },
    { name = "python-discovery" },
]
wheels = [
    { path = "C:/Users/kadriu/AppData/Local/Temp/epic012-wheelhouse/virtualenv-21.7.9-py3-none-any.whl" },
]

[[package]]
name = "webcolors"
version = "25.10.0"
source = { registry = "C:/Users/kadriu/AppData/Local/Temp/epic012-wheelhouse" }
wheels = [
    { path = "C:/Users/kadriu/AppData/Local/Temp/epic012-wheelhouse/webcolors-25.10.0-py3-none-any.whl" },
]
